
Microsoft Visual Studio Solution File, Format Version 12.00
# Visual Studio Version 17
VisualStudioVersion = 17.6.33723.286
MinimumVisualStudioVersion = 10.0.40219.1
Project("{FAE04EC0-301F-11D3-BF4B-00C04F79EFBC}") = "guess_the_number", "guess_the_number\guess_the_number.csproj", "{F974044C-7D33-4BA4-9B64-F1EA96646A82}"
EndProject
Global
	GlobalSection(SolutionConfigurationPlatforms) = preSolution
		Debug|Any CPU = Debug|Any CPU
		Release|Any CPU = Release|Any CPU
	EndGlobalSection
	GlobalSection(ProjectConfigurationPlatforms) = postSolution
		{F974044C-7D33-4BA4-9B64-F1EA96646A82}.Debug|Any CPU.ActiveCfg = Debug|Any CPU
		{F974044C-7D33-4BA4-9B64-F1EA96646A82}.Debug|Any CPU.Build.0 = Debug|Any CPU
		{F974044C-7D33-4BA4-9B64-F1EA96646A82}.Release|Any CPU.ActiveCfg = Release|Any CPU
		{F974044C-7D33-4BA4-9B64-F1EA96646A82}.Release|Any CPU.Build.0 = Release|Any CPU
	EndGlobalSection
	GlobalSection(SolutionProperties) = preSolution
		HideSolutionNode = FALSE
	EndGlobalSection
	GlobalSection(ExtensibilityGlobals) = postSolution
		SolutionGuid = {6E144843-F80F-43D4-814B-C23672AD5621}
	EndGlobalSection
EndGlobal
